// !$*UTF8*$!
{
	archiveVersion = 1;
	classes = {
	};
	objectVersion = 55;
	objects = {

/* Begin PBXBuildFile section */
		87AA3E6C291FE6090048124B /* WeatherApp.swift in Sources */ = {isa = PBXBuildFile; fileRef = 87AA3E6B291FE6090048124B /* WeatherApp.swift */; };
		87AA3E6E291FE6090048124B /* HomeView.swift in Sources */ = {isa = PBXBuildFile; fileRef = 87AA3E6D291FE6090048124B /* HomeView.swift */; };
		87AA3E70291FE60C0048124B /* Assets.xcassets in Resources */ = {isa = PBXBuildFile; fileRef = 87AA3E6F291FE60C0048124B /* Assets.xcassets */; };
		87AA3E73291FE60C0048124B /* Preview Assets.xcassets in Resources */ = {isa = PBXBuildFile; fileRef = 87AA3E72291FE60C0048124B /* Preview Assets.xcassets */; };
		87AA3E7D291FE60C0048124B /* WeatherTests.swift in Sources */ = {isa = PBXBuildFile; fileRef = 87AA3E7C291FE60C0048124B /* WeatherTests.swift */; };
		87AA3E87291FE60C0048124B /* WeatherUITests.swift in Sources */ = {isa = PBXBuildFile; fileRef = 87AA3E86291FE60C0048124B /* WeatherUITests.swift */; };
		87AA3E89291FE60C0048124B /* WeatherUITestsLaunchTests.swift in Sources */ = {isa = PBXBuildFile; fileRef = 87AA3E88291FE60C0048124B /* WeatherUITestsLaunchTests.swift */; };
		87AA3E97292094DB0048124B /* DashboardView.swift in Sources */ = {isa = PBXBuildFile; fileRef = 87AA3E96292094DB0048124B /* DashboardView.swift */; };
		87AA3E992920950B0048124B /* CityListView.swift in Sources */ = {isa = PBXBuildFile; fileRef = 87AA3E982920950B0048124B /* CityListView.swift */; };
		87AA3E9C29209D610048124B /* Models.swift in Sources */ = {isa = PBXBuildFile; fileRef = 87AA3E9B29209D610048124B /* Models.swift */; };
		87AA3EA029209F490048124B /* WeatherService.swift in Sources */ = {isa = PBXBuildFile; fileRef = 87AA3E9F29209F490048124B /* WeatherService.swift */; };
		87AA3EA22920B87D0048124B /* WeatherViewModel.swift in Sources */ = {isa = PBXBuildFile; fileRef = 87AA3EA12920B87D0048124B /* WeatherViewModel.swift */; };
/* End PBXBuildFile section */

/* Begin PBXContainerItemProxy section */
		87AA3E79291FE60C0048124B /* PBXContainerItemProxy */ = {
			isa = PBXContainerItemProxy;
			containerPortal = 87AA3E60291FE6090048124B /* Project object */;
			proxyType = 1;
			remoteGlobalIDString = 87AA3E67291FE6090048124B;
			remoteInfo = Weather;
		};
		87AA3E83291FE60C0048124B /* PBXContainerItemProxy */ = {
			isa = PBXContainerItemProxy;
			containerPortal = 87AA3E60291FE6090048124B /* Project object */;
			proxyType = 1;
			remoteGlobalIDString = 87AA3E67291FE6090048124B;
			remoteInfo = Weather;
		};
/* End PBXContainerItemProxy section */

/* Begin PBXFileReference section */
		87AA3E68291FE6090048124B /* Weather.app */ = {isa = PBXFileReference; explicitFileType = wrapper.application; includeInIndex = 0; path = Weather.app; sourceTree = BUILT_PRODUCTS_DIR; };
		87AA3E6B291FE6090048124B /* WeatherApp.swift */ = {isa = PBXFileReference; lastKnownFileType = sourcecode.swift; path = WeatherApp.swift; sourceTree = "<group>"; };
		87AA3E6D291FE6090048124B /* HomeView.swift */ = {isa = PBXFileReference; lastKnownFileType = sourcecode.swift; path = HomeView.swift; sourceTree = "<group>"; };
		87AA3E6F291FE60C0048124B /* Assets.xcassets */ = {isa = PBXFileReference; lastKnownFileType = folder.assetcatalog; path = Assets.xcassets; sourceTree = "<group>"; };
		87AA3E72291FE60C0048124B /* Preview Assets.xcassets */ = {isa = PBXFileReference; lastKnownFileType = folder.assetcatalog; path = "Preview Assets.xcassets"; sourceTree = "<group>"; };
		87AA3E78291FE60C0048124B /* WeatherTests.xctest */ = {isa = PBXFileReference; explicitFileType = wrapper.cfbundle; includeInIndex = 0; path = WeatherTests.xctest; sourceTree = BUILT_PRODUCTS_DIR; };
		87AA3E7C291FE60C0048124B /* WeatherTests.swift */ = {isa = PBXFileReference; lastKnownFileType = sourcecode.swift; path = WeatherTests.swift; sourceTree = "<group>"; };
		87AA3E82291FE60C0048124B /* WeatherUITests.xctest */ = {isa = PBXFileReference; explicitFileType = wrapper.cfbundle; includeInIndex = 0; path = WeatherUITests.xctest; sourceTree = BUILT_PRODUCTS_DIR; };
		87AA3E86291FE60C0048124B /* WeatherUITests.swift */ = {isa = PBXFileReference; lastKnownFileType = sourcecode.swift; path = WeatherUITests.swift; sourceTree = "<group>"; };
		87AA3E88291FE60C0048124B /* WeatherUITestsLaunchTests.swift */ = {isa = PBXFileReference; lastKnownFileType = sourcecode.swift; path = WeatherUITestsLaunchTests.swift; sourceTree = "<group>"; };
		87AA3E96292094DB0048124B /* DashboardView.swift */ = {isa = PBXFileReference; lastKnownFileType = sourcecode.swift; path = DashboardView.swift; sourceTree = "<group>"; };
		87AA3E982920950B0048124B /* CityListView.swift */ = {isa = PBXFileReference; lastKnownFileType = sourcecode.swift; path = CityListView.swift; sourceTree = "<group>"; };
		87AA3E9B29209D610048124B /* Models.swift */ = {isa = PBXFileReference; lastKnownFileType = sourcecode.swift; path = Models.swift; sourceTree = "<group>"; };
		87AA3E9F29209F490048124B /* WeatherService.swift */ = {isa = PBXFileReference; lastKnownFileType = sourcecode.swift; path = WeatherService.swift; sourceTree = "<group>"; };
		87AA3EA12920B87D0048124B /* WeatherViewModel.swift */ = {isa = PBXFileReference; lastKnownFileType = sourcecode.swift; path = WeatherViewModel.swift; sourceTree = "<group>"; };
/* End PBXFileReference section */

/* Begin PBXFrameworksBuildPhase section */
		87AA3E65291FE6090048124B /* Frameworks */ = {
			isa = PBXFrameworksBuildPhase;
			buildActionMask = 2147483647;
			files = (
			);
			runOnlyForDeploymentPostprocessing = 0;
		};
		87AA3E75291FE60C0048124B /* Frameworks */ = {
			isa = PBXFrameworksBuildPhase;
			buildActionMask = 2147483647;
			files = (
			);
			runOnlyForDeploymentPostprocessing = 0;
		};
		87AA3E7F291FE60C0048124B /* Frameworks */ = {
			isa = PBXFrameworksBuildPhase;
			buildActionMask = 2147483647;
			files = (
			);
			runOnlyForDeploymentPostprocessing = 0;
		};
/* End PBXFrameworksBuildPhase section */

/* Begin PBXGroup section */
		87AA3E5F291FE6090048124B = {
			isa = PBXGroup;
			children = (
				87AA3E6A291FE6090048124B /* Weather */,
				87AA3E7B291FE60C0048124B /* WeatherTests */,
				87AA3E85291FE60C0048124B /* WeatherUITests */,
				87AA3E69291FE6090048124B /* Products */,
			);
			sourceTree = "<group>";
		};
		87AA3E69291FE6090048124B /* Products */ = {
			isa = PBXGroup;
			children = (
				87AA3E68291FE6090048124B /* Weather.app */,
				87AA3E78291FE60C0048124B /* WeatherTests.xctest */,
				87AA3E82291FE60C0048124B /* WeatherUITests.xctest */,
			);
			name = Products;
			sourceTree = "<group>";
		};
		87AA3E6A291FE6090048124B /* Weather */ = {
			isa = PBXGroup;
			children = (
				87AA3E6B291FE6090048124B /* WeatherApp.swift */,
				87AA3E9A29209BA20048124B /* Model */,
				87AA3E952920944F0048124B /* Views */,
				87AA3E9D29209D9B0048124B /* ViewModel */,
				87AA3E9E29209DA40048124B /* Services */,
				87AA3EA32920CC530048124B /* Assets */,
				87AA3E71291FE60C0048124B /* Preview Content */,
			);
			path = Weather;
			sourceTree = "<group>";
		};
		87AA3E71291FE60C0048124B /* Preview Content */ = {
			isa = PBXGroup;
			children = (
				87AA3E72291FE60C0048124B /* Preview Assets.xcassets */,
			);
			path = "Preview Content";
			sourceTree = "<group>";
		};
		87AA3E7B291FE60C0048124B /* WeatherTests */ = {
			isa = PBXGroup;
			children = (
				87AA3E7C291FE60C0048124B /* WeatherTests.swift */,
			);
			path = WeatherTests;
			sourceTree = "<group>";
		};
		87AA3E85291FE60C0048124B /* WeatherUITests */ = {
			isa = PBXGroup;
			children = (
				87AA3E86291FE60C0048124B /* WeatherUITests.swift */,
				87AA3E88291FE60C0048124B /* WeatherUITestsLaunchTests.swift */,
			);
			path = WeatherUITests;
			sourceTree = "<group>";
		};
		87AA3E952920944F0048124B /* Views */ = {
			isa = PBXGroup;
			children = (
				87AA3E6D291FE6090048124B /* HomeView.swift */,
				87AA3E982920950B0048124B /* CityListView.swift */,
				87AA3E96292094DB0048124B /* DashboardView.swift */,
			);
			path = Views;
			sourceTree = "<group>";
		};
		87AA3E9A29209BA20048124B /* Model */ = {
			isa = PBXGroup;
			children = (
				87AA3E9B29209D610048124B /* Models.swift */,
			);
			path = Model;
			sourceTree = "<group>";
		};
		87AA3E9D29209D9B0048124B /* ViewModel */ = {
			isa = PBXGroup;
			children = (
				87AA3EA12920B87D0048124B /* WeatherViewModel.swift */,
			);
			path = ViewModel;
			sourceTree = "<group>";
		};
		87AA3E9E29209DA40048124B /* Services */ = {
			isa = PBXGroup;
			children = (
				87AA3E9F29209F490048124B /* WeatherService.swift */,
			);
			path = Services;
			sourceTree = "<group>";
		};
		87AA3EA32920CC530048124B /* Assets */ = {
			isa = PBXGroup;
			children = (
				87AA3E6F291FE60C0048124B /* Assets.xcassets */,
			);
			path = Assets;
			sourceTree = "<group>";
		};
/* End PBXGroup section */

/* Begin PBXNativeTarget section */
		87AA3E67291FE6090048124B /* Weather */ = {
			isa = PBXNativeTarget;
			buildConfigurationList = 87AA3E8C291FE60C0048124B /* Build configuration list for PBXNativeTarget "Weather" */;
			buildPhases = (
				87AA3E64291FE6090048124B /* Sources */,
				87AA3E65291FE6090048124B /* Frameworks */,
				87AA3E66291FE6090048124B /* Resources */,
			);
			buildRules = (
			);
			dependencies = (
			);
			name = Weather;
			productName = Weather;
			productReference = 87AA3E68291FE6090048124B /* Weather.app */;
			productType = "com.apple.product-type.application";
		};
		87AA3E77291FE60C0048124B /* WeatherTests */ = {
			isa = PBXNativeTarget;
			buildConfigurationList = 87AA3E8F291FE60C0048124B /* Build configuration list for PBXNativeTarget "WeatherTests" */;
			buildPhases = (
				87AA3E74291FE60C0048124B /* Sources */,
				87AA3E75291FE60C0048124B /* Frameworks */,
				87AA3E76291FE60C0048124B /* Resources */,
			);
			buildRules = (
			);
			dependencies = (
				87AA3E7A291FE60C0048124B /* PBXTargetDependency */,
			);
			name = WeatherTests;
			productName = WeatherTests;
			productReference = 87AA3E78291FE60C0048124B /* WeatherTests.xctest */;
			productType = "com.apple.product-type.bundle.unit-test";
		};
		87AA3E81291FE60C0048124B /* WeatherUITests */ = {
			isa = PBXNativeTarget;
			buildConfigurationList = 87AA3E92291FE60C0048124B /* Build configuration list for PBXNativeTarget "WeatherUITests" */;
			buildPhases = (
				87AA3E7E291FE60C0048124B /* Sources */,
				87AA3E7F291FE60C0048124B /* Frameworks */,
				87AA3E80291FE60C0048124B /* Resources */,
			);
			buildRules = (
			);
			dependencies = (
				87AA3E84291FE60C0048124B /* PBXTargetDependency */,
			);
			name = WeatherUITests;
			productName = WeatherUITests;
			productReference = 87AA3E82291FE60C0048124B /* WeatherUITests.xctest */;
			productType = "com.apple.product-type.bundle.ui-testing";
		};
/* End PBXNativeTarget section */

/* Begin PBXProject section */
		87AA3E60291FE6090048124B /* Project object */ = {
			isa = PBXProject;
			attributes = {
				BuildIndependentTargetsInParallel = 1;
				LastSwiftUpdateCheck = 1340;
				LastUpgradeCheck = 1340;
				TargetAttributes = {
					87AA3E67291FE6090048124B = {
						CreatedOnToolsVersion = 13.4.1;
					};
					87AA3E77291FE60C0048124B = {
						CreatedOnToolsVersion = 13.4.1;
						TestTargetID = 87AA3E67291FE6090048124B;
					};
					87AA3E81291FE60C0048124B = {
						CreatedOnToolsVersion = 13.4.1;
						TestTargetID = 87AA3E67291FE6090048124B;
					};
				};
			};
			buildConfigurationList = 87AA3E63291FE6090048124B /* Build configuration list for PBXProject "Weather" */;
			compatibilityVersion = "Xcode 13.0";
			developmentRegion = en;
			hasScannedForEncodings = 0;
			knownRegions = (
				en,
				Base,
			);
			mainGroup = 87AA3E5F291FE6090048124B;
			productRefGroup = 87AA3E69291FE6090048124B /* Products */;
			projectDirPath = "";
			projectRoot = "";
			targets = (
				87AA3E67291FE6090048124B /* Weather */,
				87AA3E77291FE60C0048124B /* WeatherTests */,
				87AA3E81291FE60C0048124B /* WeatherUITests */,
			);
		};
/* End PBXProject section */

/* Begin PBXResourcesBuildPhase section */
		87AA3E66291FE6090048124B /* Resources */ = {
			isa = PBXResourcesBuildPhase;
			buildActionMask = 2147483647;
			files = (
				87AA3E73291FE60C0048124B /* Preview Assets.xcassets in Resources */,
				87AA3E70291FE60C0048124B /* Assets.xcassets in Resources */,
			);
			runOnlyForDeploymentPostprocessing = 0;
		};
		87AA3E76291FE60C0048124B /* Resources */ = {
			isa = PBXResourcesBuildPhase;
			buildActionMask = 2147483647;
			files = (
			);
			runOnlyForDeploymentPostprocessing = 0;
		};
		87AA3E80291FE60C0048124B /* Resources */ = {
			isa = PBXResourcesBuildPhase;
			buildActionMask = 2147483647;
			files = (
			);
			runOnlyForDeploymentPostprocessing = 0;
		};
/* End PBXResourcesBuildPhase section */

/* Begin PBXSourcesBuildPhase section */
		87AA3E64291FE6090048124B /* Sources */ = {
			isa = PBXSourcesBuildPhase;
			buildActionMask = 2147483647;
			files = (
				87AA3E6E291FE6090048124B /* HomeView.swift in Sources */,
				87AA3E992920950B0048124B /* CityListView.swift in Sources */,
				87AA3E97292094DB0048124B /* DashboardView.swift in Sources */,
				87AA3EA22920B87D0048124B /* WeatherViewModel.swift in Sources */,
				87AA3E6C291FE6090048124B /* WeatherApp.swift in Sources */,
				87AA3EA029209F490048124B /* WeatherService.swift in Sources */,
				87AA3E9C29209D610048124B /* Models.swift in Sources */,
			);
			runOnlyForDeploymentPostprocessing = 0;
		};
		87AA3E74291FE60C0048124B /* Sources */ = {
			isa = PBXSourcesBuildPhase;
			buildActionMask = 2147483647;
			files = (
				87AA3E7D291FE60C0048124B /* WeatherTests.swift in Sources */,
			);
			runOnlyForDeploymentPostprocessing = 0;
		};
		87AA3E7E291FE60C0048124B /* Sources */ = {
			isa = PBXSourcesBuildPhase;
			buildActionMask = 2147483647;
			files = (
				87AA3E87291FE60C0048124B /* WeatherUITests.swift in Sources */,
				87AA3E89291FE60C0048124B /* WeatherUITestsLaunchTests.swift in Sources */,
			);
			runOnlyForDeploymentPostprocessing = 0;
		};
/* End PBXSourcesBuildPhase section */

/* Begin PBXTargetDependency section */
		87AA3E7A291FE60C0048124B /* PBXTargetDependency */ = {
			isa = PBXTargetDependency;
			target = 87AA3E67291FE6090048124B /* Weather */;
			targetProxy = 87AA3E79291FE60C0048124B /* PBXContainerItemProxy */;
		};
		87AA3E84291FE60C0048124B /* PBXTargetDependency */ = {
			isa = PBXTargetDependency;
			target = 87AA3E67291FE6090048124B /* Weather */;
			targetProxy = 87AA3E83291FE60C0048124B /* PBXContainerItemProxy */;
		};
/* End PBXTargetDependency section */

/* Begin XCBuildConfiguration section */
		87AA3E8A291FE60C0048124B /* Debug */ = {
			isa = XCBuildConfiguration;
			buildSettings = {
				ALWAYS_SEARCH_USER_PATHS = NO;
				CLANG_ANALYZER_NONNULL = YES;
				CLANG_ANALYZER_NUMBER_OBJECT_CONVERSION = YES_AGGRESSIVE;
				CLANG_CXX_LANGUAGE_STANDARD = "gnu++17";
				CLANG_ENABLE_MODULES = YES;
				CLANG_ENABLE_OBJC_ARC = YES;
				CLANG_ENABLE_OBJC_WEAK = YES;
				CLANG_WARN_BLOCK_CAPTURE_AUTORELEASING = YES;
				CLANG_WARN_BOOL_CONVERSION = YES;
				CLANG_WARN_COMMA = YES;
				CLANG_WARN_CONSTANT_CONVERSION = YES;
				CLANG_WARN_DEPRECATED_OBJC_IMPLEMENTATIONS = YES;
				CLANG_WARN_DIRECT_OBJC_ISA_USAGE = YES_ERROR;
				CLANG_WARN_DOCUMENTATION_COMMENTS = YES;
				CLANG_WARN_EMPTY_BODY = YES;
				CLANG_WARN_ENUM_CONVERSION = YES;
				CLANG_WARN_INFINITE_RECURSION = YES;
				CLANG_WARN_INT_CONVERSION = YES;
				CLANG_WARN_NON_LITERAL_NULL_CONVERSION = YES;
				CLANG_WARN_OBJC_IMPLICIT_RETAIN_SELF = YES;
				CLANG_WARN_OBJC_LITERAL_CONVERSION = YES;
				CLANG_WARN_OBJC_ROOT_CLASS = YES_ERROR;
				CLANG_WARN_QUOTED_INCLUDE_IN_FRAMEWORK_HEADER = YES;
				CLANG_WARN_RANGE_LOOP_ANALYSIS = YES;
				CLANG_WARN_STRICT_PROTOTYPES = YES;
				CLANG_WARN_SUSPICIOUS_MOVE = YES;
				CLANG_WARN_UNGUARDED_AVAILABILITY = YES_AGGRESSIVE;
				CLANG_WARN_UNREACHABLE_CODE = YES;
				CLANG_WARN__DUPLICATE_METHOD_MATCH = YES;
				COPY_PHASE_STRIP = NO;
				DEBUG_INFORMATION_FORMAT = dwarf;
				ENABLE_STRICT_OBJC_MSGSEND = YES;
				ENABLE_TESTABILITY = YES;
				GCC_C_LANGUAGE_STANDARD = gnu11;
				GCC_DYNAMIC_NO_PIC = NO;
				GCC_NO_COMMON_BLOCKS = YES;
				GCC_OPTIMIZATION_LEVEL = 0;
				GCC_PREPROCESSOR_DEFINITIONS = (
					"DEBUG=1",
					"$(inherited)",
				);
				GCC_WARN_64_TO_32_BIT_CONVERSION = YES;
				GCC_WARN_ABOUT_RETURN_TYPE = YES_ERROR;
				GCC_WARN_UNDECLARED_SELECTOR = YES;
				GCC_WARN_UNINITIALIZED_AUTOS = YES_AGGRESSIVE;
				GCC_WARN_UNUSED_FUNCTION = YES;
				GCC_WARN_UNUSED_VARIABLE = YES;
				IPHONEOS_DEPLOYMENT_TARGET = 15.5;
				MTL_ENABLE_DEBUG_INFO = INCLUDE_SOURCE;
				MTL_FAST_MATH = YES;
				ONLY_ACTIVE_ARCH = YES;
				SDKROOT = iphoneos;
				SWIFT_ACTIVE_COMPILATION_CONDITIONS = DEBUG;
				SWIFT_OPTIMIZATION_LEVEL = "-Onone";
			};
			name = Debug;
		};
		87AA3E8B291FE60C0048124B /* Release */ = {
			isa = XCBuildConfiguration;
			buildSettings = {
				ALWAYS_SEARCH_USER_PATHS = NO;
				CLANG_ANALYZER_NONNULL = YES;
				CLANG_ANALYZER_NUMBER_OBJECT_CONVERSION = YES_AGGRESSIVE;
				CLANG_CXX_LANGUAGE_STANDARD = "gnu++17";
				CLANG_ENABLE_MODULES = YES;
				CLANG_ENABLE_OBJC_ARC = YES;
				CLANG_ENABLE_OBJC_WEAK = YES;
				CLANG_WARN_BLOCK_CAPTURE_AUTORELEASING = YES;
				CLANG_WARN_BOOL_CONVERSION = YES;
				CLANG_WARN_COMMA = YES;
				CLANG_WARN_CONSTANT_CONVERSION = YES;
				CLANG_WARN_DEPRECATED_OBJC_IMPLEMENTATIONS = YES;
				CLANG_WARN_DIRECT_OBJC_ISA_USAGE = YES_ERROR;
				CLANG_WARN_DOCUMENTATION_COMMENTS = YES;
				CLANG_WARN_EMPTY_BODY = YES;
				CLANG_WARN_ENUM_CONVERSION = YES;
				CLANG_WARN_INFINITE_RECURSION = YES;
				CLANG_WARN_INT_CONVERSION = YES;
				CLANG_WARN_NON_LITERAL_NULL_CONVERSION = YES;
				CLANG_WARN_OBJC_IMPLICIT_RETAIN_SELF = YES;
				CLANG_WARN_OBJC_LITERAL_CONVERSION = YES;
				CLANG_WARN_OBJC_ROOT_CLASS = YES_ERROR;
				CLANG_WARN_QUOTED_INCLUDE_IN_FRAMEWORK_HEADER = YES;
				CLANG_WARN_RANGE_LOOP_ANALYSIS = YES;
				CLANG_WARN_STRICT_PROTOTYPES = YES;
				CLANG_WARN_SUSPICIOUS_MOVE = YES;
				CLANG_WARN_UNGUARDED_AVAILABILITY = YES_AGGRESSIVE;
				CLANG_WARN_UNREACHABLE_CODE = YES;
				CLANG_WARN__DUPLICATE_METHOD_MATCH = YES;
				COPY_PHASE_STRIP = NO;
				DEBUG_INFORMATION_FORMAT = "dwarf-with-dsym";
				ENABLE_NS_ASSERTIONS = NO;
				ENABLE_STRICT_OBJC_MSGSEND = YES;
				GCC_C_LANGUAGE_STANDARD = gnu11;
				GCC_NO_COMMON_BLOCKS = YES;
				GCC_WARN_64_TO_32_BIT_CONVERSION = YES;
				GCC_WARN_ABOUT_RETURN_TYPE = YES_ERROR;
				GCC_WARN_UNDECLARED_SELECTOR = YES;
				GCC_WARN_UNINITIALIZED_AUTOS = YES_AGGRESSIVE;
				GCC_WARN_UNUSED_FUNCTION = YES;
				GCC_WARN_UNUSED_VARIABLE = YES;
				IPHONEOS_DEPLOYMENT_TARGET = 15.5;
				MTL_ENABLE_DEBUG_INFO = NO;
				MTL_FAST_MATH = YES;
				SDKROOT = iphoneos;
				SWIFT_COMPILATION_MODE = wholemodule;
				SWIFT_OPTIMIZATION_LEVEL = "-O";
				VALIDATE_PRODUCT = YES;
			};
			name = Release;
		};
		87AA3E8D291FE60C0048124B /* Debug */ = {
			isa = XCBuildConfiguration;
			buildSettings = {
				ASSETCATALOG_COMPILER_APPICON_NAME = AppIcon;
				ASSETCATALOG_COMPILER_GLOBAL_ACCENT_COLOR_NAME = AccentColor;
				CODE_SIGN_STYLE = Automatic;
				CURRENT_PROJECT_VERSION = 1;
				DEVELOPMENT_ASSET_PATHS = "\"Weather/Preview Content\"";
				DEVELOPMENT_TEAM = 87UL24JFVP;
				ENABLE_PREVIEWS = YES;
				GENERATE_INFOPLIST_FILE = YES;
				INFOPLIST_KEY_UIApplicationSceneManifest_Generation = YES;
				INFOPLIST_KEY_UIApplicationSupportsIndirectInputEvents = YES;
				INFOPLIST_KEY_UILaunchScreen_Generation = YES;
				INFOPLIST_KEY_UISupportedInterfaceOrientations_iPad = "UIInterfaceOrientationPortrait UIInterfaceOrientationPortraitUpsideDown UIInterfaceOrientationLandscapeLeft UIInterfaceOrientationLandscapeRight";
				INFOPLIST_KEY_UISupportedInterfaceOrientations_iPhone = "UIInterfaceOrientationPortrait UIInterfaceOrientationLandscapeLeft UIInterfaceOrientationLandscapeRight";
				LD_RUNPATH_SEARCH_PATHS = (
					"$(inherited)",
					"@executable_path/Frameworks",
				);
				MARKETING_VERSION = 1.0;
				PRODUCT_BUNDLE_IDENTIFIER = com.aditya.Weather;
				PRODUCT_NAME = "$(TARGET_NAME)";
				SWIFT_EMIT_LOC_STRINGS = YES;
				SWIFT_VERSION = 5.0;
				TARGETED_DEVICE_FAMILY = "1,2";
			};
			name = Debug;
		};
		87AA3E8E291FE60C0048124B /* Release */ = {
			isa = XCBuildConfiguration;
			buildSettings = {
				ASSETCATALOG_COMPILER_APPICON_NAME = AppIcon;
				ASSETCATALOG_COMPILER_GLOBAL_ACCENT_COLOR_NAME = AccentColor;
				CODE_SIGN_STYLE = Automatic;
				CURRENT_PROJECT_VERSION = 1;
				DEVELOPMENT_ASSET_PATHS = "\"Weather/Preview Content\"";
				DEVELOPMENT_TEAM = 87UL24JFVP;
				ENABLE_PREVIEWS = YES;
				GENERATE_INFOPLIST_FILE = YES;
				INFOPLIST_KEY_UIApplicationSceneManifest_Generation = YES;
				INFOPLIST_KEY_UIApplicationSupportsIndirectInputEvents = YES;
				INFOPLIST_KEY_UILaunchScreen_Generation = YES;
				INFOPLIST_KEY_UISupportedInterfaceOrientations_iPad = "UIInterfaceOrientationPortrait UIInterfaceOrientationPortraitUpsideDown UIInterfaceOrientationLandscapeLeft UIInterfaceOrientationLandscapeRight";
				INFOPLIST_KEY_UISupportedInterfaceOrientations_iPhone = "UIInterfaceOrientationPortrait UIInterfaceOrientationLandscapeLeft UIInterfaceOrientationLandscapeRight";
				LD_RUNPATH_SEARCH_PATHS = (
					"$(inherited)",
					"@executable_path/Frameworks",
				);
				MARKETING_VERSION = 1.0;
				PRODUCT_BUNDLE_IDENTIFIER = com.aditya.Weather;
				PRODUCT_NAME = "$(TARGET_NAME)";
				SWIFT_EMIT_LOC_STRINGS = YES;
				SWIFT_VERSION = 5.0;
				TARGETED_DEVICE_FAMILY = "1,2";
			};
			name = Release;
		};
		87AA3E90291FE60C0048124B /* Debug */ = {
			isa = XCBuildConfiguration;
			buildSettings = {
				ALWAYS_EMBED_SWIFT_STANDARD_LIBRARIES = YES;
				BUNDLE_LOADER = "$(TEST_HOST)";
				CODE_SIGN_STYLE = Automatic;
				CURRENT_PROJECT_VERSION = 1;
				DEVELOPMENT_TEAM = 87UL24JFVP;
				GENERATE_INFOPLIST_FILE = YES;
				IPHONEOS_DEPLOYMENT_TARGET = 15.5;
				MARKETING_VERSION = 1.0;
				PRODUCT_BUNDLE_IDENTIFIER = com.aditya.WeatherTests;
				PRODUCT_NAME = "$(TARGET_NAME)";
				SWIFT_EMIT_LOC_STRINGS = NO;
				SWIFT_VERSION = 5.0;
				TARGETED_DEVICE_FAMILY = "1,2";
				TEST_HOST = "$(BUILT_PRODUCTS_DIR)/Weather.app/Weather";
			};
			name = Debug;
		};
		87AA3E91291FE60C0048124B /* Release */ = {
			isa = XCBuildConfiguration;
			buildSettings = {
				ALWAYS_EMBED_SWIFT_STANDARD_LIBRARIES = YES;
				BUNDLE_LOADER = "$(TEST_HOST)";
				CODE_SIGN_STYLE = Automatic;
				CURRENT_PROJECT_VERSION = 1;
				DEVELOPMENT_TEAM = 87UL24JFVP;
				GENERATE_INFOPLIST_FILE = YES;
				IPHONEOS_DEPLOYMENT_TARGET = 15.5;
				MARKETING_VERSION = 1.0;
				PRODUCT_BUNDLE_IDENTIFIER = com.aditya.WeatherTests;
				PRODUCT_NAME = "$(TARGET_NAME)";
				SWIFT_EMIT_LOC_STRINGS = NO;
				SWIFT_VERSION = 5.0;
				TARGETED_DEVICE_FAMILY = "1,2";
				TEST_HOST = "$(BUILT_PRODUCTS_DIR)/Weather.app/Weather";
			};
			name = Release;
		};
		87AA3E93291FE60C0048124B /* Debug */ = {
			isa = XCBuildConfiguration;
			buildSettings = {
				ALWAYS_EMBED_SWIFT_STANDARD_LIBRARIES = YES;
				CODE_SIGN_STYLE = Automatic;
				CURRENT_PROJECT_VERSION = 1;
				DEVELOPMENT_TEAM = 87UL24JFVP;
				GENERATE_INFOPLIST_FILE = YES;
				MARKETING_VERSION = 1.0;
				PRODUCT_BUNDLE_IDENTIFIER = com.aditya.WeatherUITests;
				PRODUCT_NAME = "$(TARGET_NAME)";
				SWIFT_EMIT_LOC_STRINGS = NO;
				SWIFT_VERSION = 5.0;
				TARGETED_DEVICE_FAMILY = "1,2";
				TEST_TARGET_NAME = Weather;
			};
			name = Debug;
		};
		87AA3E94291FE60C0048124B /* Release */ = {
			isa = XCBuildConfiguration;
			buildSettings = {
				ALWAYS_EMBED_SWIFT_STANDARD_LIBRARIES = YES;
				CODE_SIGN_STYLE = Automatic;
				CURRENT_PROJECT_VERSION = 1;
				DEVELOPMENT_TEAM = 87UL24JFVP;
				GENERATE_INFOPLIST_FILE = YES;
				MARKETING_VERSION = 1.0;
				PRODUCT_BUNDLE_IDENTIFIER = com.aditya.WeatherUITests;
				PRODUCT_NAME = "$(TARGET_NAME)";
				SWIFT_EMIT_LOC_STRINGS = NO;
				SWIFT_VERSION = 5.0;
				TARGETED_DEVICE_FAMILY = "1,2";
				TEST_TARGET_NAME = Weather;
			};
			name = Release;
		};
/* End XCBuildConfiguration section */

/* Begin XCConfigurationList section */
		87AA3E63291FE6090048124B /* Build configuration list for PBXProject "Weather" */ = {
			isa = XCConfigurationList;
			buildConfigurations = (
				87AA3E8A291FE60C0048124B /* Debug */,
				87AA3E8B291FE60C0048124B /* Release */,
			);
			defaultConfigurationIsVisible = 0;
			defaultConfigurationName = Release;
		};
		87AA3E8C291FE60C0048124B /* Build configuration list for PBXNativeTarget "Weather" */ = {
			isa = XCConfigurationList;
			buildConfigurations = (
				87AA3E8D291FE60C0048124B /* Debug */,
				87AA3E8E291FE60C0048124B /* Release */,
			);
			defaultConfigurationIsVisible = 0;
			defaultConfigurationName = Release;
		};
		87AA3E8F291FE60C0048124B /* Build configuration list for PBXNativeTarget "WeatherTests" */ = {
			isa = XCConfigurationList;
			buildConfigurations = (
				87AA3E90291FE60C0048124B /* Debug */,
				87AA3E91291FE60C0048124B /* Release */,
			);
			defaultConfigurationIsVisible = 0;
			defaultConfigurationName = Release;
		};
		87AA3E92291FE60C0048124B /* Build configuration list for PBXNativeTarget "WeatherUITests" */ = {
			isa = XCConfigurationList;
			buildConfigurations = (
				87AA3E93291FE60C0048124B /* Debug */,
				87AA3E94291FE60C0048124B /* Release */,
			);
			defaultConfigurationIsVisible = 0;
			defaultConfigurationName = Release;
		};
/* End XCConfigurationList section */
	};
	rootObject = 87AA3E60291FE6090048124B /* Project object */;
}
